
Microsoft Visual Studio Solution File, Format Version 12.00
# Visual Studio 15
VisualStudioVersion = 15.0.28307.489
MinimumVisualStudioVersion = 10.0.40219.1
Project("{9A19103F-16F7-4668-BE54-9A1E7A4F7556}") = "KYC_UploadPassportMicroService", "KYC_UploadPassportMicroService\KYC_UploadPassportMicroService.csproj", "{851C997C-016F-451D-9191-BF1A41553DD0}"
EndProject
Project("{FAE04EC0-301F-11D3-BF4B-00C04F79EFBC}") = "HYC_UploadPassportMicroServiceTest", "HYC_UploadPassportMicroServiceTest\HYC_UploadPassportMicroServiceTest.csproj", "{8E2866EC-9B61-4B62-B9EE-6E3F4AAF267B}"
EndProject
Global
	GlobalSection(SolutionConfigurationPlatforms) = preSolution
		Debug|Any CPU = Debug|Any CPU
		Release|Any CPU = Release|Any CPU
	EndGlobalSection
	GlobalSection(ProjectConfigurationPlatforms) = postSolution
		{851C997C-016F-451D-9191-BF1A41553DD0}.Debug|Any CPU.ActiveCfg = Debug|Any CPU
		{851C997C-016F-451D-9191-BF1A41553DD0}.Debug|Any CPU.Build.0 = Debug|Any CPU
		{851C997C-016F-451D-9191-BF1A41553DD0}.Release|Any CPU.ActiveCfg = Release|Any CPU
		{851C997C-016F-451D-9191-BF1A41553DD0}.Release|Any CPU.Build.0 = Release|Any CPU
		{8E2866EC-9B61-4B62-B9EE-6E3F4AAF267B}.Debug|Any CPU.ActiveCfg = Debug|Any CPU
		{8E2866EC-9B61-4B62-B9EE-6E3F4AAF267B}.Debug|Any CPU.Build.0 = Debug|Any CPU
		{8E2866EC-9B61-4B62-B9EE-6E3F4AAF267B}.Release|Any CPU.ActiveCfg = Release|Any CPU
		{8E2866EC-9B61-4B62-B9EE-6E3F4AAF267B}.Release|Any CPU.Build.0 = Release|Any CPU
	EndGlobalSection
	GlobalSection(SolutionProperties) = preSolution
		HideSolutionNode = FALSE
	EndGlobalSection
	GlobalSection(ExtensibilityGlobals) = postSolution
		SolutionGuid = {1C94B86B-F7A6-406B-802E-12437465D39A}
	EndGlobalSection
EndGlobal
